
Microsoft Visual Studio Solution File, Format Version 12.00
Project("{FAE04EC0-301F-11D3-BF4B-00C04F79EFBC}") = "GameboyEmulator.Core", "GameboyEmulator.Core\GameboyEmulator.Core.csproj", "{64DAA4AA-A6C9-4E82-8950-43AB59EC8CC4}"
EndProject
Project("{FAE04EC0-301F-11D3-BF4B-00C04F79EFBC}") = "GameboyEmulator.Core.Tests", "GameboyEmulator.Core.Tests\GameboyEmulator.Core.Tests.csproj", "{8A93C18F-364F-4300-83AC-993D0DD318FE}"
EndProject
Project("{FAE04EC0-301F-11D3-BF4B-00C04F79EFBC}") = "GameboyEmulator.Wasm", "GameboyEmulator.Wasm\GameboyEmulator.Wasm.csproj", "{B39F73EC-CF79-4F5E-A287-A03A32318DF3}"
EndProject
Project("{FAE04EC0-301F-11D3-BF4B-00C04F79EFBC}") = "GameboyEmulator.Benchmarks", "GameboyEmulator.Benchmarks\GameboyEmulator.Benchmarks.csproj", "{158A74DB-9873-44CA-A902-2C2E7FF0CFD2}"
EndProject
Global
	GlobalSection(SolutionConfigurationPlatforms) = preSolution
		Debug|Any CPU = Debug|Any CPU
		Debug|x64 = Debug|x64
		Debug|x86 = Debug|x86
		Release|Any CPU = Release|Any CPU
		Release|x64 = Release|x64
		Release|x86 = Release|x86
	EndGlobalSection
	GlobalSection(ProjectConfigurationPlatforms) = postSolution
		{64DAA4AA-A6C9-4E82-8950-43AB59EC8CC4}.Debug|Any CPU.ActiveCfg = Debug|Any CPU
		{64DAA4AA-A6C9-4E82-8950-43AB59EC8CC4}.Debug|Any CPU.Build.0 = Debug|Any CPU
		{64DAA4AA-A6C9-4E82-8950-43AB59EC8CC4}.Debug|x64.ActiveCfg = Debug|Any CPU
		{64DAA4AA-A6C9-4E82-8950-43AB59EC8CC4}.Debug|x64.Build.0 = Debug|Any CPU
		{64DAA4AA-A6C9-4E82-8950-43AB59EC8CC4}.Debug|x86.ActiveCfg = Debug|Any CPU
		{64DAA4AA-A6C9-4E82-8950-43AB59EC8CC4}.Debug|x86.Build.0 = Debug|Any CPU
		{64DAA4AA-A6C9-4E82-8950-43AB59EC8CC4}.Release|Any CPU.ActiveCfg = Release|Any CPU
		{64DAA4AA-A6C9-4E82-8950-43AB59EC8CC4}.Release|Any CPU.Build.0 = Release|Any CPU
		{64DAA4AA-A6C9-4E82-8950-43AB59EC8CC4}.Release|x64.ActiveCfg = Release|Any CPU
		{64DAA4AA-A6C9-4E82-8950-43AB59EC8CC4}.Release|x64.Build.0 = Release|Any CPU
		{64DAA4AA-A6C9-4E82-8950-43AB59EC8CC4}.Release|x86.ActiveCfg = Release|Any CPU
		{64DAA4AA-A6C9-4E82-8950-43AB59EC8CC4}.Release|x86.Build.0 = Release|Any CPU
		{8A93C18F-364F-4300-83AC-993D0DD318FE}.Debug|Any CPU.ActiveCfg = Debug|Any CPU
		{8A93C18F-364F-4300-83AC-993D0DD318FE}.Debug|Any CPU.Build.0 = Debug|Any CPU
		{8A93C18F-364F-4300-83AC-993D0DD318FE}.Debug|x64.ActiveCfg = Debug|Any CPU
		{8A93C18F-364F-4300-83AC-993D0DD318FE}.Debug|x64.Build.0 = Debug|Any CPU
		{8A93C18F-364F-4300-83AC-993D0DD318FE}.Debug|x86.ActiveCfg = Debug|Any CPU
		{8A93C18F-364F-4300-83AC-993D0DD318FE}.Debug|x86.Build.0 = Debug|Any CPU
		{8A93C18F-364F-4300-83AC-993D0DD318FE}.Release|Any CPU.ActiveCfg = Release|Any CPU
		{8A93C18F-364F-4300-83AC-993D0DD318FE}.Release|Any CPU.Build.0 = Release|Any CPU
		{8A93C18F-364F-4300-83AC-993D0DD318FE}.Release|x64.ActiveCfg = Release|Any CPU
		{8A93C18F-364F-4300-83AC-993D0DD318FE}.Release|x64.Build.0 = Release|Any CPU
		{8A93C18F-364F-4300-83AC-993D0DD318FE}.Release|x86.ActiveCfg = Release|Any CPU
		{8A93C18F-364F-4300-83AC-993D0DD318FE}.Release|x86.Build.0 = Release|Any CPU
		{B39F73EC-CF79-4F5E-A287-A03A32318DF3}.Debug|Any CPU.ActiveCfg = Debug|Any CPU
		{B39F73EC-CF79-4F5E-A287-A03A32318DF3}.Debug|Any CPU.Build.0 = Debug|Any CPU
		{B39F73EC-CF79-4F5E-A287-A03A32318DF3}.Debug|x64.ActiveCfg = Debug|Any CPU
		{B39F73EC-CF79-4F5E-A287-A03A32318DF3}.Debug|x64.Build.0 = Debug|Any CPU
		{B39F73EC-CF79-4F5E-A287-A03A32318DF3}.Debug|x86.ActiveCfg = Debug|Any CPU
		{B39F73EC-CF79-4F5E-A287-A03A32318DF3}.Debug|x86.Build.0 = Debug|Any CPU
		{B39F73EC-CF79-4F5E-A287-A03A32318DF3}.Release|Any CPU.ActiveCfg = Release|Any CPU
		{B39F73EC-CF79-4F5E-A287-A03A32318DF3}.Release|Any CPU.Build.0 = Release|Any CPU
		{B39F73EC-CF79-4F5E-A287-A03A32318DF3}.Release|x64.ActiveCfg = Release|Any CPU
		{B39F73EC-CF79-4F5E-A287-A03A32318DF3}.Release|x64.Build.0 = Release|Any CPU
		{B39F73EC-CF79-4F5E-A287-A03A32318DF3}.Release|x86.ActiveCfg = Release|Any CPU
		{B39F73EC-CF79-4F5E-A287-A03A32318DF3}.Release|x86.Build.0 = Release|Any CPU
		{158A74DB-9873-44CA-A902-2C2E7FF0CFD2}.Debug|Any CPU.ActiveCfg = Debug|Any CPU
		{158A74DB-9873-44CA-A902-2C2E7FF0CFD2}.Debug|Any CPU.Build.0 = Debug|Any CPU
		{158A74DB-9873-44CA-A902-2C2E7FF0CFD2}.Debug|x64.ActiveCfg = Debug|Any CPU
		{158A74DB-9873-44CA-A902-2C2E7FF0CFD2}.Debug|x64.Build.0 = Debug|Any CPU
		{158A74DB-9873-44CA-A902-2C2E7FF0CFD2}.Debug|x86.ActiveCfg = Debug|Any CPU
		{158A74DB-9873-44CA-A902-2C2E7FF0CFD2}.Debug|x86.Build.0 = Debug|Any CPU
		{158A74DB-9873-44CA-A902-2C2E7FF0CFD2}.Release|Any CPU.ActiveCfg = Release|Any CPU
		{158A74DB-9873-44CA-A902-2C2E7FF0CFD2}.Release|Any CPU.Build.0 = Release|Any CPU
		{158A74DB-9873-44CA-A902-2C2E7FF0CFD2}.Release|x64.ActiveCfg = Release|Any CPU
		{158A74DB-9873-44CA-A902-2C2E7FF0CFD2}.Release|x64.Build.0 = Release|Any CPU
		{158A74DB-9873-44CA-A902-2C2E7FF0CFD2}.Release|x86.ActiveCfg = Release|Any CPU
		{158A74DB-9873-44CA-A902-2C2E7FF0CFD2}.Release|x86.Build.0 = Release|Any CPU
	EndGlobalSection
	GlobalSection(SolutionProperties) = preSolution
		HideSolutionNode = FALSE
	EndGlobalSection
EndGlobal
